// !$*UTF8*$!
{
	archiveVersion = 1;
	classes = {
	};
	objectVersion = 56;
	objects = {

/* Begin PBXBuildFile section */
		1E4F828228D939BC008C8E6B /* lib.h in Headers */ = {isa = PBXBuildFile; fileRef = 1E4F828128D939BC008C8E6B /* lib.h */; settings = {ATTRIBUTES = (Public, ); }; };
		1E4F82AE28D93AE3008C8E6B /* TestStruct.swift in Sources */ = {isa = PBXBuildFile; fileRef = 1E4F82AD28D93AE3008C8E6B /* TestStruct.swift */; };
		1E4F82B328D93F12008C8E6B /* Colors.swift in Sources */ = {isa = PBXBuildFile; fileRef = 1E4F82B228D93F12008C8E6B /* Colors.swift */; };
		1E4F82B828D93F1F008C8E6B /* MarkerSheetViewController.swift in Sources */ = {isa = PBXBuildFile; fileRef = 1E4F82B428D93F1F008C8E6B /* MarkerSheetViewController.swift */; };
		1E4F82B928D93F1F008C8E6B /* KmlSheetViewController.swift in Sources */ = {isa = PBXBuildFile; fileRef = 1E4F82B528D93F1F008C8E6B /* KmlSheetViewController.swift */; };
		1E4F82BA28D93F1F008C8E6B /* ColorSheetViewController.swift in Sources */ = {isa = PBXBuildFile; fileRef = 1E4F82B628D93F1F008C8E6B /* ColorSheetViewController.swift */; };
		1E4F82BB28D93F1F008C8E6B /* TrackingSheetViewController.swift in Sources */ = {isa = PBXBuildFile; fileRef = 1E4F82B728D93F1F008C8E6B /* TrackingSheetViewController.swift */; };
		1E4F82BD28D93F4C008C8E6B /* Constants.swift in Sources */ = {isa = PBXBuildFile; fileRef = 1E4F82BC28D93F4C008C8E6B /* Constants.swift */; };
		1E4F82BF28D93F52008C8E6B /* Preferences.swift in Sources */ = {isa = PBXBuildFile; fileRef = 1E4F82BE28D93F52008C8E6B /* Preferences.swift */; };
		1E4F82C628D93F78008C8E6B /* KMLUtils.swift in Sources */ = {isa = PBXBuildFile; fileRef = 1E4F82C428D93F78008C8E6B /* KMLUtils.swift */; };
		1E4F82C728D93F78008C8E6B /* KMLUtilsError.swift in Sources */ = {isa = PBXBuildFile; fileRef = 1E4F82C528D93F78008C8E6B /* KMLUtilsError.swift */; };
		1E4F82CA28D93F80008C8E6B /* MarkerProperties.swift in Sources */ = {isa = PBXBuildFile; fileRef = 1E4F82C828D93F80008C8E6B /* MarkerProperties.swift */; };
		1E4F82CB28D93F80008C8E6B /* MarkerUtils.swift in Sources */ = {isa = PBXBuildFile; fileRef = 1E4F82C928D93F80008C8E6B /* MarkerUtils.swift */; };
		1E4F82CF28D93F87008C8E6B /* ColorType.swift in Sources */ = {isa = PBXBuildFile; fileRef = 1E4F82CC28D93F87008C8E6B /* ColorType.swift */; };
		1E4F82D028D93F87008C8E6B /* TrackingType.swift in Sources */ = {isa = PBXBuildFile; fileRef = 1E4F82CD28D93F87008C8E6B /* TrackingType.swift */; };
		1E4F82D128D93F87008C8E6B /* KmlOptionType.swift in Sources */ = {isa = PBXBuildFile; fileRef = 1E4F82CE28D93F87008C8E6B /* KmlOptionType.swift */; };
		1E4F82D328D93F8D008C8E6B /* TrackingUtils.swift in Sources */ = {isa = PBXBuildFile; fileRef = 1E4F82D228D93F8C008C8E6B /* TrackingUtils.swift */; };
/* End PBXBuildFile section */

/* Begin PBXFileReference section */
		1E4F827E28D939BC008C8E6B /* SerescoMapsUtils.framework */ = {isa = PBXFileReference; explicitFileType = wrapper.framework; includeInIndex = 0; path = SerescoMapsUtils.framework; sourceTree = BUILT_PRODUCTS_DIR; };
		1E4F828128D939BC008C8E6B /* lib.h */ = {isa = PBXFileReference; lastKnownFileType = sourcecode.c.h; path = lib.h; sourceTree = "<group>"; };
		1E4F82AD28D93AE3008C8E6B /* TestStruct.swift */ = {isa = PBXFileReference; lastKnownFileType = sourcecode.swift; path = TestStruct.swift; sourceTree = "<group>"; };
		1E4F82B228D93F12008C8E6B /* Colors.swift */ = {isa = PBXFileReference; fileEncoding = 4; lastKnownFileType = sourcecode.swift; path = Colors.swift; sourceTree = "<group>"; };
		1E4F82B428D93F1F008C8E6B /* MarkerSheetViewController.swift */ = {isa = PBXFileReference; fileEncoding = 4; lastKnownFileType = sourcecode.swift; path = MarkerSheetViewController.swift; sourceTree = "<group>"; };
		1E4F82B528D93F1F008C8E6B /* KmlSheetViewController.swift */ = {isa = PBXFileReference; fileEncoding = 4; lastKnownFileType = sourcecode.swift; path = KmlSheetViewController.swift; sourceTree = "<group>"; };
		1E4F82B628D93F1F008C8E6B /* ColorSheetViewController.swift */ = {isa = PBXFileReference; fileEncoding = 4; lastKnownFileType = sourcecode.swift; path = ColorSheetViewController.swift; sourceTree = "<group>"; };
		1E4F82B728D93F1F008C8E6B /* TrackingSheetViewController.swift */ = {isa = PBXFileReference; fileEncoding = 4; lastKnownFileType = sourcecode.swift; path = TrackingSheetViewController.swift; sourceTree = "<group>"; };
		1E4F82BC28D93F4C008C8E6B /* Constants.swift */ = {isa = PBXFileReference; fileEncoding = 4; lastKnownFileType = sourcecode.swift; path = Constants.swift; sourceTree = "<group>"; };
		1E4F82BE28D93F52008C8E6B /* Preferences.swift */ = {isa = PBXFileReference; fileEncoding = 4; lastKnownFileType = sourcecode.swift; path = Preferences.swift; sourceTree = "<group>"; };
		1E4F82C428D93F78008C8E6B /* KMLUtils.swift */ = {isa = PBXFileReference; fileEncoding = 4; lastKnownFileType = sourcecode.swift; path = KMLUtils.swift; sourceTree = "<group>"; };
		1E4F82C528D93F78008C8E6B /* KMLUtilsError.swift */ = {isa = PBXFileReference; fileEncoding = 4; lastKnownFileType = sourcecode.swift; path = KMLUtilsError.swift; sourceTree = "<group>"; };
		1E4F82C828D93F80008C8E6B /* MarkerProperties.swift */ = {isa = PBXFileReference; fileEncoding = 4; lastKnownFileType = sourcecode.swift; path = MarkerProperties.swift; sourceTree = "<group>"; };
		1E4F82C928D93F80008C8E6B /* MarkerUtils.swift */ = {isa = PBXFileReference; fileEncoding = 4; lastKnownFileType = sourcecode.swift; path = MarkerUtils.swift; sourceTree = "<group>"; };
		1E4F82CC28D93F87008C8E6B /* ColorType.swift */ = {isa = PBXFileReference; fileEncoding = 4; lastKnownFileType = sourcecode.swift; path = ColorType.swift; sourceTree = "<group>"; };
		1E4F82CD28D93F87008C8E6B /* TrackingType.swift */ = {isa = PBXFileReference; fileEncoding = 4; lastKnownFileType = sourcecode.swift; path = TrackingType.swift; sourceTree = "<group>"; };
		1E4F82CE28D93F87008C8E6B /* KmlOptionType.swift */ = {isa = PBXFileReference; fileEncoding = 4; lastKnownFileType = sourcecode.swift; path = KmlOptionType.swift; sourceTree = "<group>"; };
		1E4F82D228D93F8C008C8E6B /* TrackingUtils.swift */ = {isa = PBXFileReference; fileEncoding = 4; lastKnownFileType = sourcecode.swift; path = TrackingUtils.swift; sourceTree = "<group>"; };
/* End PBXFileReference section */

/* Begin PBXFrameworksBuildPhase section */
		1E4F827B28D939BC008C8E6B /* Frameworks */ = {
			isa = PBXFrameworksBuildPhase;
			buildActionMask = 2147483647;
			files = (
			);
			runOnlyForDeploymentPostprocessing = 0;
		};
/* End PBXFrameworksBuildPhase section */

/* Begin PBXGroup section */
		1E4F827428D939BC008C8E6B = {
			isa = PBXGroup;
			children = (
				1E4F828028D939BC008C8E6B /* lib */,
				1E4F827F28D939BC008C8E6B /* Products */,
			);
			sourceTree = "<group>";
		};
		1E4F827F28D939BC008C8E6B /* Products */ = {
			isa = PBXGroup;
			children = (
				1E4F827E28D939BC008C8E6B /* SerescoMapsUtils.framework */,
			);
			name = Products;
			sourceTree = "<group>";
		};
		1E4F828028D939BC008C8E6B /* lib */ = {
			isa = PBXGroup;
			children = (
				1E4F82B128D93F09008C8E6B /* utils */,
				1E4F82B028D93F05008C8E6B /* ui */,
				1E4F82AF28D93EFF008C8E6B /* assets */,
				1E4F828128D939BC008C8E6B /* lib.h */,
				1E4F82AD28D93AE3008C8E6B /* TestStruct.swift */,
			);
			path = lib;
			sourceTree = "<group>";
		};
		1E4F82AF28D93EFF008C8E6B /* assets */ = {
			isa = PBXGroup;
			children = (
				1E4F82B228D93F12008C8E6B /* Colors.swift */,
			);
			path = assets;
			sourceTree = "<group>";
		};
		1E4F82B028D93F05008C8E6B /* ui */ = {
			isa = PBXGroup;
			children = (
				1E4F82B628D93F1F008C8E6B /* ColorSheetViewController.swift */,
				1E4F82B528D93F1F008C8E6B /* KmlSheetViewController.swift */,
				1E4F82B428D93F1F008C8E6B /* MarkerSheetViewController.swift */,
				1E4F82B728D93F1F008C8E6B /* TrackingSheetViewController.swift */,
			);
			path = ui;
			sourceTree = "<group>";
		};
		1E4F82B128D93F09008C8E6B /* utils */ = {
			isa = PBXGroup;
			children = (
				1E4F82C328D93F70008C8E6B /* tracking */,
				1E4F82C228D93F69008C8E6B /* model */,
				1E4F82C128D93F63008C8E6B /* marker */,
				1E4F82C028D93F55008C8E6B /* kml */,
				1E4F82BE28D93F52008C8E6B /* Preferences.swift */,
				1E4F82BC28D93F4C008C8E6B /* Constants.swift */,
			);
			path = utils;
			sourceTree = "<group>";
		};
		1E4F82C028D93F55008C8E6B /* kml */ = {
			isa = PBXGroup;
			children = (
				1E4F82C428D93F78008C8E6B /* KMLUtils.swift */,
				1E4F82C528D93F78008C8E6B /* KMLUtilsError.swift */,
			);
			path = kml;
			sourceTree = "<group>";
		};
		1E4F82C128D93F63008C8E6B /* marker */ = {
			isa = PBXGroup;
			children = (
				1E4F82C828D93F80008C8E6B /* MarkerProperties.swift */,
				1E4F82C928D93F80008C8E6B /* MarkerUtils.swift */,
			);
			path = marker;
			sourceTree = "<group>";
		};
		1E4F82C228D93F69008C8E6B /* model */ = {
			isa = PBXGroup;
			children = (
				1E4F82CC28D93F87008C8E6B /* ColorType.swift */,
				1E4F82CE28D93F87008C8E6B /* KmlOptionType.swift */,
				1E4F82CD28D93F87008C8E6B /* TrackingType.swift */,
			);
			path = model;
			sourceTree = "<group>";
		};
		1E4F82C328D93F70008C8E6B /* tracking */ = {
			isa = PBXGroup;
			children = (
				1E4F82D228D93F8C008C8E6B /* TrackingUtils.swift */,
			);
			path = tracking;
			sourceTree = "<group>";
		};
/* End PBXGroup section */

/* Begin PBXHeadersBuildPhase section */
		1E4F827928D939BC008C8E6B /* Headers */ = {
			isa = PBXHeadersBuildPhase;
			buildActionMask = 2147483647;
			files = (
				1E4F828228D939BC008C8E6B /* lib.h in Headers */,
			);
			runOnlyForDeploymentPostprocessing = 0;
		};
/* End PBXHeadersBuildPhase section */

/* Begin PBXNativeTarget section */
		1E4F827D28D939BC008C8E6B /* SerescoMapsUtils */ = {
			isa = PBXNativeTarget;
			buildConfigurationList = 1E4F828528D939BC008C8E6B /* Build configuration list for PBXNativeTarget "SerescoMapsUtils" */;
			buildPhases = (
				1E4F827928D939BC008C8E6B /* Headers */,
				1E4F827A28D939BC008C8E6B /* Sources */,
				1E4F827B28D939BC008C8E6B /* Frameworks */,
				1E4F827C28D939BC008C8E6B /* Resources */,
			);
			buildRules = (
			);
			dependencies = (
			);
			name = SerescoMapsUtils;
			productName = lib;
			productReference = 1E4F827E28D939BC008C8E6B /* SerescoMapsUtils.framework */;
			productType = "com.apple.product-type.framework";
		};
/* End PBXNativeTarget section */

/* Begin PBXProject section */
		1E4F827528D939BC008C8E6B /* Project object */ = {
			isa = PBXProject;
			attributes = {
				BuildIndependentTargetsInParallel = 1;
				LastUpgradeCheck = 1400;
				TargetAttributes = {
					1E4F827D28D939BC008C8E6B = {
						CreatedOnToolsVersion = 14.0;
						LastSwiftMigration = 1400;
					};
				};
			};
			buildConfigurationList = 1E4F827828D939BC008C8E6B /* Build configuration list for PBXProject "lib" */;
			compatibilityVersion = "Xcode 14.0";
			developmentRegion = en;
			hasScannedForEncodings = 0;
			knownRegions = (
				en,
				Base,
			);
			mainGroup = 1E4F827428D939BC008C8E6B;
			productRefGroup = 1E4F827F28D939BC008C8E6B /* Products */;
			projectDirPath = "";
			projectRoot = "";
			targets = (
				1E4F827D28D939BC008C8E6B /* SerescoMapsUtils */,
			);
		};
/* End PBXProject section */

/* Begin PBXResourcesBuildPhase section */
		1E4F827C28D939BC008C8E6B /* Resources */ = {
			isa = PBXResourcesBuildPhase;
			buildActionMask = 2147483647;
			files = (
			);
			runOnlyForDeploymentPostprocessing = 0;
		};
/* End PBXResourcesBuildPhase section */

/* Begin PBXSourcesBuildPhase section */
		1E4F827A28D939BC008C8E6B /* Sources */ = {
			isa = PBXSourcesBuildPhase;
			buildActionMask = 2147483647;
			files = (
				1E4F82AE28D93AE3008C8E6B /* TestStruct.swift in Sources */,
				1E4F82BB28D93F1F008C8E6B /* TrackingSheetViewController.swift in Sources */,
				1E4F82D328D93F8D008C8E6B /* TrackingUtils.swift in Sources */,
				1E4F82B328D93F12008C8E6B /* Colors.swift in Sources */,
				1E4F82CB28D93F80008C8E6B /* MarkerUtils.swift in Sources */,
				1E4F82C728D93F78008C8E6B /* KMLUtilsError.swift in Sources */,
				1E4F82B828D93F1F008C8E6B /* MarkerSheetViewController.swift in Sources */,
				1E4F82CA28D93F80008C8E6B /* MarkerProperties.swift in Sources */,
				1E4F82D128D93F87008C8E6B /* KmlOptionType.swift in Sources */,
				1E4F82BD28D93F4C008C8E6B /* Constants.swift in Sources */,
				1E4F82B928D93F1F008C8E6B /* KmlSheetViewController.swift in Sources */,
				1E4F82CF28D93F87008C8E6B /* ColorType.swift in Sources */,
				1E4F82D028D93F87008C8E6B /* TrackingType.swift in Sources */,
				1E4F82C628D93F78008C8E6B /* KMLUtils.swift in Sources */,
				1E4F82BF28D93F52008C8E6B /* Preferences.swift in Sources */,
				1E4F82BA28D93F1F008C8E6B /* ColorSheetViewController.swift in Sources */,
			);
			runOnlyForDeploymentPostprocessing = 0;
		};
/* End PBXSourcesBuildPhase section */

/* Begin XCBuildConfiguration section */
		1E4F828328D939BC008C8E6B /* Debug */ = {
			isa = XCBuildConfiguration;
			buildSettings = {
				ALWAYS_SEARCH_USER_PATHS = NO;
				CLANG_ANALYZER_NONNULL = YES;
				CLANG_ANALYZER_NUMBER_OBJECT_CONVERSION = YES_AGGRESSIVE;
				CLANG_CXX_LANGUAGE_STANDARD = "gnu++20";
				CLANG_ENABLE_MODULES = YES;
				CLANG_ENABLE_OBJC_ARC = YES;
				CLANG_ENABLE_OBJC_WEAK = YES;
				CLANG_WARN_BLOCK_CAPTURE_AUTORELEASING = YES;
				CLANG_WARN_BOOL_CONVERSION = YES;
				CLANG_WARN_COMMA = YES;
				CLANG_WARN_CONSTANT_CONVERSION = YES;
				CLANG_WARN_DEPRECATED_OBJC_IMPLEMENTATIONS = YES;
				CLANG_WARN_DIRECT_OBJC_ISA_USAGE = YES_ERROR;
				CLANG_WARN_DOCUMENTATION_COMMENTS = YES;
				CLANG_WARN_EMPTY_BODY = YES;
				CLANG_WARN_ENUM_CONVERSION = YES;
				CLANG_WARN_INFINITE_RECURSION = YES;
				CLANG_WARN_INT_CONVERSION = YES;
				CLANG_WARN_NON_LITERAL_NULL_CONVERSION = YES;
				CLANG_WARN_OBJC_IMPLICIT_RETAIN_SELF = YES;
				CLANG_WARN_OBJC_LITERAL_CONVERSION = YES;
				CLANG_WARN_OBJC_ROOT_CLASS = YES_ERROR;
				CLANG_WARN_QUOTED_INCLUDE_IN_FRAMEWORK_HEADER = YES;
				CLANG_WARN_RANGE_LOOP_ANALYSIS = YES;
				CLANG_WARN_STRICT_PROTOTYPES = YES;
				CLANG_WARN_SUSPICIOUS_MOVE = YES;
				CLANG_WARN_UNGUARDED_AVAILABILITY = YES_AGGRESSIVE;
				CLANG_WARN_UNREACHABLE_CODE = YES;
				CLANG_WARN__DUPLICATE_METHOD_MATCH = YES;
				COPY_PHASE_STRIP = NO;
				CURRENT_PROJECT_VERSION = 1;
				DEBUG_INFORMATION_FORMAT = dwarf;
				ENABLE_STRICT_OBJC_MSGSEND = YES;
				ENABLE_TESTABILITY = YES;
				GCC_C_LANGUAGE_STANDARD = gnu11;
				GCC_DYNAMIC_NO_PIC = NO;
				GCC_NO_COMMON_BLOCKS = YES;
				GCC_OPTIMIZATION_LEVEL = 0;
				GCC_PREPROCESSOR_DEFINITIONS = (
					"DEBUG=1",
					"$(inherited)",
				);
				GCC_WARN_64_TO_32_BIT_CONVERSION = YES;
				GCC_WARN_ABOUT_RETURN_TYPE = YES_ERROR;
				GCC_WARN_UNDECLARED_SELECTOR = YES;
				GCC_WARN_UNINITIALIZED_AUTOS = YES_AGGRESSIVE;
				GCC_WARN_UNUSED_FUNCTION = YES;
				GCC_WARN_UNUSED_VARIABLE = YES;
				IPHONEOS_DEPLOYMENT_TARGET = 12.1;
				MTL_ENABLE_DEBUG_INFO = INCLUDE_SOURCE;
				MTL_FAST_MATH = YES;
				ONLY_ACTIVE_ARCH = YES;
				SDKROOT = iphoneos;
				SWIFT_ACTIVE_COMPILATION_CONDITIONS = DEBUG;
				SWIFT_OPTIMIZATION_LEVEL = "-Onone";
				VERSIONING_SYSTEM = "apple-generic";
				VERSION_INFO_PREFIX = "";
			};
			name = Debug;
		};
		1E4F828428D939BC008C8E6B /* Release */ = {
			isa = XCBuildConfiguration;
			buildSettings = {
				ALWAYS_SEARCH_USER_PATHS = NO;
				CLANG_ANALYZER_NONNULL = YES;
				CLANG_ANALYZER_NUMBER_OBJECT_CONVERSION = YES_AGGRESSIVE;
				CLANG_CXX_LANGUAGE_STANDARD = "gnu++20";
				CLANG_ENABLE_MODULES = YES;
				CLANG_ENABLE_OBJC_ARC = YES;
				CLANG_ENABLE_OBJC_WEAK = YES;
				CLANG_WARN_BLOCK_CAPTURE_AUTORELEASING = YES;
				CLANG_WARN_BOOL_CONVERSION = YES;
				CLANG_WARN_COMMA = YES;
				CLANG_WARN_CONSTANT_CONVERSION = YES;
				CLANG_WARN_DEPRECATED_OBJC_IMPLEMENTATIONS = YES;
				CLANG_WARN_DIRECT_OBJC_ISA_USAGE = YES_ERROR;
				CLANG_WARN_DOCUMENTATION_COMMENTS = YES;
				CLANG_WARN_EMPTY_BODY = YES;
				CLANG_WARN_ENUM_CONVERSION = YES;
				CLANG_WARN_INFINITE_RECURSION = YES;
				CLANG_WARN_INT_CONVERSION = YES;
				CLANG_WARN_NON_LITERAL_NULL_CONVERSION = YES;
				CLANG_WARN_OBJC_IMPLICIT_RETAIN_SELF = YES;
				CLANG_WARN_OBJC_LITERAL_CONVERSION = YES;
				CLANG_WARN_OBJC_ROOT_CLASS = YES_ERROR;
				CLANG_WARN_QUOTED_INCLUDE_IN_FRAMEWORK_HEADER = YES;
				CLANG_WARN_RANGE_LOOP_ANALYSIS = YES;
				CLANG_WARN_STRICT_PROTOTYPES = YES;
				CLANG_WARN_SUSPICIOUS_MOVE = YES;
				CLANG_WARN_UNGUARDED_AVAILABILITY = YES_AGGRESSIVE;
				CLANG_WARN_UNREACHABLE_CODE = YES;
				CLANG_WARN__DUPLICATE_METHOD_MATCH = YES;
				COPY_PHASE_STRIP = NO;
				CURRENT_PROJECT_VERSION = 1;
				DEBUG_INFORMATION_FORMAT = "dwarf-with-dsym";
				ENABLE_NS_ASSERTIONS = NO;
				ENABLE_STRICT_OBJC_MSGSEND = YES;
				GCC_C_LANGUAGE_STANDARD = gnu11;
				GCC_NO_COMMON_BLOCKS = YES;
				GCC_WARN_64_TO_32_BIT_CONVERSION = YES;
				GCC_WARN_ABOUT_RETURN_TYPE = YES_ERROR;
				GCC_WARN_UNDECLARED_SELECTOR = YES;
				GCC_WARN_UNINITIALIZED_AUTOS = YES_AGGRESSIVE;
				GCC_WARN_UNUSED_FUNCTION = YES;
				GCC_WARN_UNUSED_VARIABLE = YES;
				IPHONEOS_DEPLOYMENT_TARGET = 12.1;
				MTL_ENABLE_DEBUG_INFO = NO;
				MTL_FAST_MATH = YES;
				SDKROOT = iphoneos;
				SWIFT_COMPILATION_MODE = wholemodule;
				SWIFT_OPTIMIZATION_LEVEL = "-O";
				VALIDATE_PRODUCT = YES;
				VERSIONING_SYSTEM = "apple-generic";
				VERSION_INFO_PREFIX = "";
			};
			name = Release;
		};
		1E4F828628D939BC008C8E6B /* Debug */ = {
			isa = XCBuildConfiguration;
			buildSettings = {
				CLANG_ENABLE_MODULES = YES;
				CODE_SIGN_STYLE = Automatic;
				CURRENT_PROJECT_VERSION = 1;
				DEFINES_MODULE = YES;
				DEVELOPMENT_TEAM = 7W6A4RKP6A;
				DYLIB_COMPATIBILITY_VERSION = 1;
				DYLIB_CURRENT_VERSION = 1;
				DYLIB_INSTALL_NAME_BASE = "@rpath";
				GENERATE_INFOPLIST_FILE = YES;
				INFOPLIST_KEY_NSHumanReadableCopyright = "";
				INSTALL_PATH = "$(LOCAL_LIBRARY_DIR)/Frameworks";
				IPHONEOS_DEPLOYMENT_TARGET = 12.1;
				LD_RUNPATH_SEARCH_PATHS = (
					"$(inherited)",
					"@executable_path/Frameworks",
					"@loader_path/Frameworks",
				);
				MARKETING_VERSION = 1.0;
				PRODUCT_BUNDLE_IDENTIFIER = seresco.maps.utils.lib;
				PRODUCT_NAME = "$(TARGET_NAME:c99extidentifier)";
				SKIP_INSTALL = YES;
				SUPPORTED_PLATFORMS = "iphoneos iphonesimulator";
				SUPPORTS_MACCATALYST = NO;
				SUPPORTS_MAC_DESIGNED_FOR_IPHONE_IPAD = NO;
				SWIFT_EMIT_LOC_STRINGS = YES;
				SWIFT_OPTIMIZATION_LEVEL = "-Onone";
				SWIFT_VERSION = 5.0;
				TARGETED_DEVICE_FAMILY = "1,2";
			};
			name = Debug;
		};
		1E4F828728D939BC008C8E6B /* Release */ = {
			isa = XCBuildConfiguration;
			buildSettings = {
				CLANG_ENABLE_MODULES = YES;
				CODE_SIGN_STYLE = Automatic;
				CURRENT_PROJECT_VERSION = 1;
				DEFINES_MODULE = YES;
				DEVELOPMENT_TEAM = 7W6A4RKP6A;
				DYLIB_COMPATIBILITY_VERSION = 1;
				DYLIB_CURRENT_VERSION = 1;
				DYLIB_INSTALL_NAME_BASE = "@rpath";
				GENERATE_INFOPLIST_FILE = YES;
				INFOPLIST_KEY_NSHumanReadableCopyright = "";
				INSTALL_PATH = "$(LOCAL_LIBRARY_DIR)/Frameworks";
				IPHONEOS_DEPLOYMENT_TARGET = 12.1;
				LD_RUNPATH_SEARCH_PATHS = (
					"$(inherited)",
					"@executable_path/Frameworks",
					"@loader_path/Frameworks",
				);
				MARKETING_VERSION = 1.0;
				PRODUCT_BUNDLE_IDENTIFIER = seresco.maps.utils.lib;
				PRODUCT_NAME = "$(TARGET_NAME:c99extidentifier)";
				SKIP_INSTALL = YES;
				SUPPORTED_PLATFORMS = "iphoneos iphonesimulator";
				SUPPORTS_MACCATALYST = NO;
				SUPPORTS_MAC_DESIGNED_FOR_IPHONE_IPAD = NO;
				SWIFT_EMIT_LOC_STRINGS = YES;
				SWIFT_VERSION = 5.0;
				TARGETED_DEVICE_FAMILY = "1,2";
			};
			name = Release;
		};
/* End XCBuildConfiguration section */

/* Begin XCConfigurationList section */
		1E4F827828D939BC008C8E6B /* Build configuration list for PBXProject "lib" */ = {
			isa = XCConfigurationList;
			buildConfigurations = (
				1E4F828328D939BC008C8E6B /* Debug */,
				1E4F828428D939BC008C8E6B /* Release */,
			);
			defaultConfigurationIsVisible = 0;
			defaultConfigurationName = Release;
		};
		1E4F828528D939BC008C8E6B /* Build configuration list for PBXNativeTarget "SerescoMapsUtils" */ = {
			isa = XCConfigurationList;
			buildConfigurations = (
				1E4F828628D939BC008C8E6B /* Debug */,
				1E4F828728D939BC008C8E6B /* Release */,
			);
			defaultConfigurationIsVisible = 0;
			defaultConfigurationName = Release;
		};
/* End XCConfigurationList section */
	};
	rootObject = 1E4F827528D939BC008C8E6B /* Project object */;
}
