// !$*UTF8*$!
{
	archiveVersion = 1;
	classes = {
	};
	objectVersion = 55;
	objects = {

/* Begin PBXBuildFile section */
		1E84533228B5908A0088B756 /* SerescoMapsUtils.h in Headers */ = {isa = PBXBuildFile; fileRef = 1E84533128B5908A0088B756 /* SerescoMapsUtils.h */; settings = {ATTRIBUTES = (Public, ); }; };
		1E84533C28B5917E0088B756 /* Colors.swift in Sources */ = {isa = PBXBuildFile; fileRef = 1E84533B28B5917E0088B756 /* Colors.swift */; };
		1E84533E28B591900088B756 /* ColorSheetViewController.swift in Sources */ = {isa = PBXBuildFile; fileRef = 1E84533D28B591900088B756 /* ColorSheetViewController.swift */; };
		1E84534028B591940088B756 /* KmlSheetViewController.swift in Sources */ = {isa = PBXBuildFile; fileRef = 1E84533F28B591940088B756 /* KmlSheetViewController.swift */; };
		1E84534228B591990088B756 /* MarkerSheetViewController.swift in Sources */ = {isa = PBXBuildFile; fileRef = 1E84534128B591990088B756 /* MarkerSheetViewController.swift */; };
		1E84534428B5919E0088B756 /* TrackingSheetViewController.swift in Sources */ = {isa = PBXBuildFile; fileRef = 1E84534328B5919E0088B756 /* TrackingSheetViewController.swift */; };
		1E84534928B592130088B756 /* KMLUtils.swift in Sources */ = {isa = PBXBuildFile; fileRef = 1E84534828B592130088B756 /* KMLUtils.swift */; };
		1E84534B28B592170088B756 /* KMLUtilsError.swift in Sources */ = {isa = PBXBuildFile; fileRef = 1E84534A28B592170088B756 /* KMLUtilsError.swift */; };
		1E84534D28B5921D0088B756 /* MarkerProperties.swift in Sources */ = {isa = PBXBuildFile; fileRef = 1E84534C28B5921D0088B756 /* MarkerProperties.swift */; };
		1E84534F28B592220088B756 /* MarkerUtils.swift in Sources */ = {isa = PBXBuildFile; fileRef = 1E84534E28B592220088B756 /* MarkerUtils.swift */; };
		1E84535128B592280088B756 /* ColorType.swift in Sources */ = {isa = PBXBuildFile; fileRef = 1E84535028B592280088B756 /* ColorType.swift */; };
		1E84535328B5922C0088B756 /* KmlOptionType.swift in Sources */ = {isa = PBXBuildFile; fileRef = 1E84535228B5922C0088B756 /* KmlOptionType.swift */; };
		1E84535528B592310088B756 /* TrackingType.swift in Sources */ = {isa = PBXBuildFile; fileRef = 1E84535428B592310088B756 /* TrackingType.swift */; };
		1E84535728B5923C0088B756 /* Preferences.swift in Sources */ = {isa = PBXBuildFile; fileRef = 1E84535628B5923C0088B756 /* Preferences.swift */; };
		1E84535928B592400088B756 /* Constants.swift in Sources */ = {isa = PBXBuildFile; fileRef = 1E84535828B592400088B756 /* Constants.swift */; };
		1E84538428B595470088B756 /* CodableGeoJSON.framework in Frameworks */ = {isa = PBXBuildFile; fileRef = 1E84538328B595470088B756 /* CodableGeoJSON.framework */; };
		1E84538828B5954F0088B756 /* CodableJSON.framework in Frameworks */ = {isa = PBXBuildFile; fileRef = 1E84538728B5954F0088B756 /* CodableJSON.framework */; };
		1E84538B28B595520088B756 /* GoogleMapsUtils.framework in Frameworks */ = {isa = PBXBuildFile; fileRef = 1E84538A28B595520088B756 /* GoogleMapsUtils.framework */; };
		1E84538D28B5955A0088B756 /* Pods_SerescoMapsUtils.framework in Frameworks */ = {isa = PBXBuildFile; fileRef = 6A6A33AF602AACF727BE783F /* Pods_SerescoMapsUtils.framework */; };
		1E84538E28B5955A0088B756 /* Pods_SerescoMapsUtils.framework in Embed Frameworks */ = {isa = PBXBuildFile; fileRef = 6A6A33AF602AACF727BE783F /* Pods_SerescoMapsUtils.framework */; settings = {ATTRIBUTES = (CodeSignOnCopy, RemoveHeadersOnCopy, ); }; };
		1E8453A228B59B560088B756 /* TrackingUtils.swift in Sources */ = {isa = PBXBuildFile; fileRef = 1E8453A128B59B560088B756 /* TrackingUtils.swift */; };
/* End PBXBuildFile section */

/* Begin PBXCopyFilesBuildPhase section */
		1E84538F28B5955A0088B756 /* Embed Frameworks */ = {
			isa = PBXCopyFilesBuildPhase;
			buildActionMask = 2147483647;
			dstPath = "";
			dstSubfolderSpec = 10;
			files = (
				1E84538E28B5955A0088B756 /* Pods_SerescoMapsUtils.framework in Embed Frameworks */,
			);
			name = "Embed Frameworks";
			runOnlyForDeploymentPostprocessing = 0;
		};
/* End PBXCopyFilesBuildPhase section */

/* Begin PBXFileReference section */
		1E84532E28B5908A0088B756 /* SerescoMapsUtils.framework */ = {isa = PBXFileReference; explicitFileType = wrapper.framework; includeInIndex = 0; path = SerescoMapsUtils.framework; sourceTree = BUILT_PRODUCTS_DIR; };
		1E84533128B5908A0088B756 /* SerescoMapsUtils.h */ = {isa = PBXFileReference; lastKnownFileType = sourcecode.c.h; path = SerescoMapsUtils.h; sourceTree = "<group>"; };
		1E84533B28B5917E0088B756 /* Colors.swift */ = {isa = PBXFileReference; fileEncoding = 4; lastKnownFileType = sourcecode.swift; path = Colors.swift; sourceTree = "<group>"; };
		1E84533D28B591900088B756 /* ColorSheetViewController.swift */ = {isa = PBXFileReference; fileEncoding = 4; lastKnownFileType = sourcecode.swift; path = ColorSheetViewController.swift; sourceTree = "<group>"; };
		1E84533F28B591940088B756 /* KmlSheetViewController.swift */ = {isa = PBXFileReference; fileEncoding = 4; lastKnownFileType = sourcecode.swift; path = KmlSheetViewController.swift; sourceTree = "<group>"; };
		1E84534128B591990088B756 /* MarkerSheetViewController.swift */ = {isa = PBXFileReference; fileEncoding = 4; lastKnownFileType = sourcecode.swift; path = MarkerSheetViewController.swift; sourceTree = "<group>"; };
		1E84534328B5919E0088B756 /* TrackingSheetViewController.swift */ = {isa = PBXFileReference; fileEncoding = 4; lastKnownFileType = sourcecode.swift; path = TrackingSheetViewController.swift; sourceTree = "<group>"; };
		1E84534828B592130088B756 /* KMLUtils.swift */ = {isa = PBXFileReference; fileEncoding = 4; lastKnownFileType = sourcecode.swift; path = KMLUtils.swift; sourceTree = "<group>"; };
		1E84534A28B592170088B756 /* KMLUtilsError.swift */ = {isa = PBXFileReference; fileEncoding = 4; lastKnownFileType = sourcecode.swift; path = KMLUtilsError.swift; sourceTree = "<group>"; };
		1E84534C28B5921D0088B756 /* MarkerProperties.swift */ = {isa = PBXFileReference; fileEncoding = 4; lastKnownFileType = sourcecode.swift; path = MarkerProperties.swift; sourceTree = "<group>"; };
		1E84534E28B592220088B756 /* MarkerUtils.swift */ = {isa = PBXFileReference; fileEncoding = 4; lastKnownFileType = sourcecode.swift; path = MarkerUtils.swift; sourceTree = "<group>"; };
		1E84535028B592280088B756 /* ColorType.swift */ = {isa = PBXFileReference; fileEncoding = 4; lastKnownFileType = sourcecode.swift; path = ColorType.swift; sourceTree = "<group>"; };
		1E84535228B5922C0088B756 /* KmlOptionType.swift */ = {isa = PBXFileReference; fileEncoding = 4; lastKnownFileType = sourcecode.swift; path = KmlOptionType.swift; sourceTree = "<group>"; };
		1E84535428B592310088B756 /* TrackingType.swift */ = {isa = PBXFileReference; fileEncoding = 4; lastKnownFileType = sourcecode.swift; path = TrackingType.swift; sourceTree = "<group>"; };
		1E84535628B5923C0088B756 /* Preferences.swift */ = {isa = PBXFileReference; fileEncoding = 4; lastKnownFileType = sourcecode.swift; path = Preferences.swift; sourceTree = "<group>"; };
		1E84535828B592400088B756 /* Constants.swift */ = {isa = PBXFileReference; fileEncoding = 4; lastKnownFileType = sourcecode.swift; path = Constants.swift; sourceTree = "<group>"; };
		1E84538328B595470088B756 /* CodableGeoJSON.framework */ = {isa = PBXFileReference; explicitFileType = wrapper.framework; path = CodableGeoJSON.framework; sourceTree = BUILT_PRODUCTS_DIR; };
		1E84538728B5954F0088B756 /* CodableJSON.framework */ = {isa = PBXFileReference; explicitFileType = wrapper.framework; path = CodableJSON.framework; sourceTree = BUILT_PRODUCTS_DIR; };
		1E84538A28B595520088B756 /* GoogleMapsUtils.framework */ = {isa = PBXFileReference; explicitFileType = wrapper.framework; path = GoogleMapsUtils.framework; sourceTree = BUILT_PRODUCTS_DIR; };
		1E8453A128B59B560088B756 /* TrackingUtils.swift */ = {isa = PBXFileReference; lastKnownFileType = sourcecode.swift; path = TrackingUtils.swift; sourceTree = "<group>"; };
		55942831CDE0C9BA18BCDEF9 /* Pods-SerescoMapsUtils.debug.xcconfig */ = {isa = PBXFileReference; includeInIndex = 1; lastKnownFileType = text.xcconfig; name = "Pods-SerescoMapsUtils.debug.xcconfig"; path = "Target Support Files/Pods-SerescoMapsUtils/Pods-SerescoMapsUtils.debug.xcconfig"; sourceTree = "<group>"; };
		6A6A33AF602AACF727BE783F /* Pods_SerescoMapsUtils.framework */ = {isa = PBXFileReference; explicitFileType = wrapper.framework; includeInIndex = 0; path = Pods_SerescoMapsUtils.framework; sourceTree = BUILT_PRODUCTS_DIR; };
		809F2BEA208225E1B3A30161 /* Pods-SerescoMapsUtils.release.xcconfig */ = {isa = PBXFileReference; includeInIndex = 1; lastKnownFileType = text.xcconfig; name = "Pods-SerescoMapsUtils.release.xcconfig"; path = "Target Support Files/Pods-SerescoMapsUtils/Pods-SerescoMapsUtils.release.xcconfig"; sourceTree = "<group>"; };
/* End PBXFileReference section */

/* Begin PBXFrameworksBuildPhase section */
		1E84532B28B5908A0088B756 /* Frameworks */ = {
			isa = PBXFrameworksBuildPhase;
			buildActionMask = 2147483647;
			files = (
				1E84538B28B595520088B756 /* GoogleMapsUtils.framework in Frameworks */,
				1E84538828B5954F0088B756 /* CodableJSON.framework in Frameworks */,
				1E84538D28B5955A0088B756 /* Pods_SerescoMapsUtils.framework in Frameworks */,
				1E84538428B595470088B756 /* CodableGeoJSON.framework in Frameworks */,
			);
			runOnlyForDeploymentPostprocessing = 0;
		};
/* End PBXFrameworksBuildPhase section */

/* Begin PBXGroup section */
		1E84532428B5908A0088B756 = {
			isa = PBXGroup;
			children = (
				1E84533028B5908A0088B756 /* SerescoMapsUtils */,
				1E84532F28B5908A0088B756 /* Products */,
				D6712EF79E78677286040D09 /* Pods */,
				EEBC84983CC87639097553D9 /* Frameworks */,
			);
			sourceTree = "<group>";
		};
		1E84532F28B5908A0088B756 /* Products */ = {
			isa = PBXGroup;
			children = (
				1E84532E28B5908A0088B756 /* SerescoMapsUtils.framework */,
			);
			name = Products;
			sourceTree = "<group>";
		};
		1E84533028B5908A0088B756 /* SerescoMapsUtils */ = {
			isa = PBXGroup;
			children = (
				1E84533A28B591730088B756 /* utils */,
				1E84533928B5916B0088B756 /* ui */,
				1E84533828B591620088B756 /* assets */,
				1E84533128B5908A0088B756 /* SerescoMapsUtils.h */,
			);
			path = SerescoMapsUtils;
			sourceTree = "<group>";
		};
		1E84533828B591620088B756 /* assets */ = {
			isa = PBXGroup;
			children = (
				1E84533B28B5917E0088B756 /* Colors.swift */,
			);
			path = assets;
			sourceTree = "<group>";
		};
		1E84533928B5916B0088B756 /* ui */ = {
			isa = PBXGroup;
			children = (
				1E84534328B5919E0088B756 /* TrackingSheetViewController.swift */,
				1E84534128B591990088B756 /* MarkerSheetViewController.swift */,
				1E84533F28B591940088B756 /* KmlSheetViewController.swift */,
				1E84533D28B591900088B756 /* ColorSheetViewController.swift */,
			);
			path = ui;
			sourceTree = "<group>";
		};
		1E84533A28B591730088B756 /* utils */ = {
			isa = PBXGroup;
			children = (
				1E8453A028B59B460088B756 /* tracking */,
				1E84534728B5920A0088B756 /* model */,
				1E84534628B592050088B756 /* marker */,
				1E84534528B592010088B756 /* kml */,
				1E84535828B592400088B756 /* Constants.swift */,
				1E84535628B5923C0088B756 /* Preferences.swift */,
			);
			path = utils;
			sourceTree = "<group>";
		};
		1E84534528B592010088B756 /* kml */ = {
			isa = PBXGroup;
			children = (
				1E84534A28B592170088B756 /* KMLUtilsError.swift */,
				1E84534828B592130088B756 /* KMLUtils.swift */,
			);
			path = kml;
			sourceTree = "<group>";
		};
		1E84534628B592050088B756 /* marker */ = {
			isa = PBXGroup;
			children = (
				1E84534E28B592220088B756 /* MarkerUtils.swift */,
				1E84534C28B5921D0088B756 /* MarkerProperties.swift */,
			);
			path = marker;
			sourceTree = "<group>";
		};
		1E84534728B5920A0088B756 /* model */ = {
			isa = PBXGroup;
			children = (
				1E84535228B5922C0088B756 /* KmlOptionType.swift */,
				1E84535428B592310088B756 /* TrackingType.swift */,
				1E84535028B592280088B756 /* ColorType.swift */,
			);
			path = model;
			sourceTree = "<group>";
		};
		1E8453A028B59B460088B756 /* tracking */ = {
			isa = PBXGroup;
			children = (
				1E8453A128B59B560088B756 /* TrackingUtils.swift */,
			);
			path = tracking;
			sourceTree = "<group>";
		};
		D6712EF79E78677286040D09 /* Pods */ = {
			isa = PBXGroup;
			children = (
				55942831CDE0C9BA18BCDEF9 /* Pods-SerescoMapsUtils.debug.xcconfig */,
				809F2BEA208225E1B3A30161 /* Pods-SerescoMapsUtils.release.xcconfig */,
			);
			path = Pods;
			sourceTree = "<group>";
		};
		EEBC84983CC87639097553D9 /* Frameworks */ = {
			isa = PBXGroup;
			children = (
				1E84538A28B595520088B756 /* GoogleMapsUtils.framework */,
				1E84538728B5954F0088B756 /* CodableJSON.framework */,
				1E84538328B595470088B756 /* CodableGeoJSON.framework */,
				6A6A33AF602AACF727BE783F /* Pods_SerescoMapsUtils.framework */,
			);
			name = Frameworks;
			sourceTree = "<group>";
		};
/* End PBXGroup section */

/* Begin PBXHeadersBuildPhase section */
		1E84532928B5908A0088B756 /* Headers */ = {
			isa = PBXHeadersBuildPhase;
			buildActionMask = 2147483647;
			files = (
				1E84533228B5908A0088B756 /* SerescoMapsUtils.h in Headers */,
			);
			runOnlyForDeploymentPostprocessing = 0;
		};
/* End PBXHeadersBuildPhase section */

/* Begin PBXNativeTarget section */
		1E84532D28B5908A0088B756 /* SerescoMapsUtils */ = {
			isa = PBXNativeTarget;
			buildConfigurationList = 1E84533528B5908A0088B756 /* Build configuration list for PBXNativeTarget "SerescoMapsUtils" */;
			buildPhases = (
				C91B6B7D65A6FE598DFE4B05 /* [CP] Check Pods Manifest.lock */,
				1E84532928B5908A0088B756 /* Headers */,
				1E84532A28B5908A0088B756 /* Sources */,
				1E84532B28B5908A0088B756 /* Frameworks */,
				1E84532C28B5908A0088B756 /* Resources */,
				A4D78205CA6F4CA2D900E2CF /* [CP] Copy Pods Resources */,
				1E84538F28B5955A0088B756 /* Embed Frameworks */,
			);
			buildRules = (
			);
			dependencies = (
			);
			name = SerescoMapsUtils;
			productName = SerescoMapsUtils;
			productReference = 1E84532E28B5908A0088B756 /* SerescoMapsUtils.framework */;
			productType = "com.apple.product-type.framework";
		};
/* End PBXNativeTarget section */

/* Begin PBXProject section */
		1E84532528B5908A0088B756 /* Project object */ = {
			isa = PBXProject;
			attributes = {
				BuildIndependentTargetsInParallel = 1;
				LastUpgradeCheck = 1330;
				TargetAttributes = {
					1E84532D28B5908A0088B756 = {
						CreatedOnToolsVersion = 13.3.1;
						LastSwiftMigration = 1330;
					};
				};
			};
			buildConfigurationList = 1E84532828B5908A0088B756 /* Build configuration list for PBXProject "SerescoMapsUtils" */;
			compatibilityVersion = "Xcode 13.0";
			developmentRegion = en;
			hasScannedForEncodings = 0;
			knownRegions = (
				en,
				Base,
			);
			mainGroup = 1E84532428B5908A0088B756;
			productRefGroup = 1E84532F28B5908A0088B756 /* Products */;
			projectDirPath = "";
			projectRoot = "";
			targets = (
				1E84532D28B5908A0088B756 /* SerescoMapsUtils */,
			);
		};
/* End PBXProject section */

/* Begin PBXResourcesBuildPhase section */
		1E84532C28B5908A0088B756 /* Resources */ = {
			isa = PBXResourcesBuildPhase;
			buildActionMask = 2147483647;
			files = (
			);
			runOnlyForDeploymentPostprocessing = 0;
		};
/* End PBXResourcesBuildPhase section */

/* Begin PBXShellScriptBuildPhase section */
		A4D78205CA6F4CA2D900E2CF /* [CP] Copy Pods Resources */ = {
			isa = PBXShellScriptBuildPhase;
			buildActionMask = 2147483647;
			files = (
			);
			inputFileListPaths = (
				"${PODS_ROOT}/Target Support Files/Pods-SerescoMapsUtils/Pods-SerescoMapsUtils-resources-${CONFIGURATION}-input-files.xcfilelist",
			);
			name = "[CP] Copy Pods Resources";
			outputFileListPaths = (
				"${PODS_ROOT}/Target Support Files/Pods-SerescoMapsUtils/Pods-SerescoMapsUtils-resources-${CONFIGURATION}-output-files.xcfilelist",
			);
			runOnlyForDeploymentPostprocessing = 0;
			shellPath = /bin/sh;
			shellScript = "\"${PODS_ROOT}/Target Support Files/Pods-SerescoMapsUtils/Pods-SerescoMapsUtils-resources.sh\"\n";
			showEnvVarsInLog = 0;
		};
		C91B6B7D65A6FE598DFE4B05 /* [CP] Check Pods Manifest.lock */ = {
			isa = PBXShellScriptBuildPhase;
			buildActionMask = 2147483647;
			files = (
			);
			inputFileListPaths = (
			);
			inputPaths = (
				"${PODS_PODFILE_DIR_PATH}/Podfile.lock",
				"${PODS_ROOT}/Manifest.lock",
			);
			name = "[CP] Check Pods Manifest.lock";
			outputFileListPaths = (
			);
			outputPaths = (
				"$(DERIVED_FILE_DIR)/Pods-SerescoMapsUtils-checkManifestLockResult.txt",
			);
			runOnlyForDeploymentPostprocessing = 0;
			shellPath = /bin/sh;
			shellScript = "diff \"${PODS_PODFILE_DIR_PATH}/Podfile.lock\" \"${PODS_ROOT}/Manifest.lock\" > /dev/null\nif [ $? != 0 ] ; then\n    # print error to STDERR\n    echo \"error: The sandbox is not in sync with the Podfile.lock. Run 'pod install' or update your CocoaPods installation.\" >&2\n    exit 1\nfi\n# This output is used by Xcode 'outputs' to avoid re-running this script phase.\necho \"SUCCESS\" > \"${SCRIPT_OUTPUT_FILE_0}\"\n";
			showEnvVarsInLog = 0;
		};
/* End PBXShellScriptBuildPhase section */

/* Begin PBXSourcesBuildPhase section */
		1E84532A28B5908A0088B756 /* Sources */ = {
			isa = PBXSourcesBuildPhase;
			buildActionMask = 2147483647;
			files = (
				1E84534F28B592220088B756 /* MarkerUtils.swift in Sources */,
				1E84535128B592280088B756 /* ColorType.swift in Sources */,
				1E84535328B5922C0088B756 /* KmlOptionType.swift in Sources */,
				1E84535928B592400088B756 /* Constants.swift in Sources */,
				1E84534D28B5921D0088B756 /* MarkerProperties.swift in Sources */,
				1E84534928B592130088B756 /* KMLUtils.swift in Sources */,
				1E8453A228B59B560088B756 /* TrackingUtils.swift in Sources */,
				1E84534228B591990088B756 /* MarkerSheetViewController.swift in Sources */,
				1E84535528B592310088B756 /* TrackingType.swift in Sources */,
				1E84534028B591940088B756 /* KmlSheetViewController.swift in Sources */,
				1E84533E28B591900088B756 /* ColorSheetViewController.swift in Sources */,
				1E84535728B5923C0088B756 /* Preferences.swift in Sources */,
				1E84533C28B5917E0088B756 /* Colors.swift in Sources */,
				1E84534B28B592170088B756 /* KMLUtilsError.swift in Sources */,
				1E84534428B5919E0088B756 /* TrackingSheetViewController.swift in Sources */,
			);
			runOnlyForDeploymentPostprocessing = 0;
		};
/* End PBXSourcesBuildPhase section */

/* Begin XCBuildConfiguration section */
		1E84533328B5908A0088B756 /* Debug */ = {
			isa = XCBuildConfiguration;
			buildSettings = {
				ALWAYS_SEARCH_USER_PATHS = NO;
				CLANG_ANALYZER_NONNULL = YES;
				CLANG_ANALYZER_NUMBER_OBJECT_CONVERSION = YES_AGGRESSIVE;
				CLANG_CXX_LANGUAGE_STANDARD = "gnu++17";
				CLANG_ENABLE_MODULES = YES;
				CLANG_ENABLE_OBJC_ARC = YES;
				CLANG_ENABLE_OBJC_WEAK = YES;
				CLANG_WARN_BLOCK_CAPTURE_AUTORELEASING = YES;
				CLANG_WARN_BOOL_CONVERSION = YES;
				CLANG_WARN_COMMA = YES;
				CLANG_WARN_CONSTANT_CONVERSION = YES;
				CLANG_WARN_DEPRECATED_OBJC_IMPLEMENTATIONS = YES;
				CLANG_WARN_DIRECT_OBJC_ISA_USAGE = YES_ERROR;
				CLANG_WARN_DOCUMENTATION_COMMENTS = YES;
				CLANG_WARN_EMPTY_BODY = YES;
				CLANG_WARN_ENUM_CONVERSION = YES;
				CLANG_WARN_INFINITE_RECURSION = YES;
				CLANG_WARN_INT_CONVERSION = YES;
				CLANG_WARN_NON_LITERAL_NULL_CONVERSION = YES;
				CLANG_WARN_OBJC_IMPLICIT_RETAIN_SELF = YES;
				CLANG_WARN_OBJC_LITERAL_CONVERSION = YES;
				CLANG_WARN_OBJC_ROOT_CLASS = YES_ERROR;
				CLANG_WARN_QUOTED_INCLUDE_IN_FRAMEWORK_HEADER = YES;
				CLANG_WARN_RANGE_LOOP_ANALYSIS = YES;
				CLANG_WARN_STRICT_PROTOTYPES = YES;
				CLANG_WARN_SUSPICIOUS_MOVE = YES;
				CLANG_WARN_UNGUARDED_AVAILABILITY = YES_AGGRESSIVE;
				CLANG_WARN_UNREACHABLE_CODE = YES;
				CLANG_WARN__DUPLICATE_METHOD_MATCH = YES;
				COPY_PHASE_STRIP = NO;
				CURRENT_PROJECT_VERSION = 1;
				DEBUG_INFORMATION_FORMAT = dwarf;
				ENABLE_STRICT_OBJC_MSGSEND = YES;
				ENABLE_TESTABILITY = YES;
				GCC_C_LANGUAGE_STANDARD = gnu11;
				GCC_DYNAMIC_NO_PIC = NO;
				GCC_NO_COMMON_BLOCKS = YES;
				GCC_OPTIMIZATION_LEVEL = 0;
				GCC_PREPROCESSOR_DEFINITIONS = (
					"DEBUG=1",
					"$(inherited)",
				);
				GCC_WARN_64_TO_32_BIT_CONVERSION = YES;
				GCC_WARN_ABOUT_RETURN_TYPE = YES_ERROR;
				GCC_WARN_UNDECLARED_SELECTOR = YES;
				GCC_WARN_UNINITIALIZED_AUTOS = YES_AGGRESSIVE;
				GCC_WARN_UNUSED_FUNCTION = YES;
				GCC_WARN_UNUSED_VARIABLE = YES;
				IPHONEOS_DEPLOYMENT_TARGET = 12.1;
				MTL_ENABLE_DEBUG_INFO = INCLUDE_SOURCE;
				MTL_FAST_MATH = YES;
				ONLY_ACTIVE_ARCH = YES;
				SDKROOT = iphoneos;
				SWIFT_ACTIVE_COMPILATION_CONDITIONS = DEBUG;
				SWIFT_OPTIMIZATION_LEVEL = "-Onone";
				VERSIONING_SYSTEM = "apple-generic";
				VERSION_INFO_PREFIX = "";
			};
			name = Debug;
		};
		1E84533428B5908A0088B756 /* Release */ = {
			isa = XCBuildConfiguration;
			buildSettings = {
				ALWAYS_SEARCH_USER_PATHS = NO;
				CLANG_ANALYZER_NONNULL = YES;
				CLANG_ANALYZER_NUMBER_OBJECT_CONVERSION = YES_AGGRESSIVE;
				CLANG_CXX_LANGUAGE_STANDARD = "gnu++17";
				CLANG_ENABLE_MODULES = YES;
				CLANG_ENABLE_OBJC_ARC = YES;
				CLANG_ENABLE_OBJC_WEAK = YES;
				CLANG_WARN_BLOCK_CAPTURE_AUTORELEASING = YES;
				CLANG_WARN_BOOL_CONVERSION = YES;
				CLANG_WARN_COMMA = YES;
				CLANG_WARN_CONSTANT_CONVERSION = YES;
				CLANG_WARN_DEPRECATED_OBJC_IMPLEMENTATIONS = YES;
				CLANG_WARN_DIRECT_OBJC_ISA_USAGE = YES_ERROR;
				CLANG_WARN_DOCUMENTATION_COMMENTS = YES;
				CLANG_WARN_EMPTY_BODY = YES;
				CLANG_WARN_ENUM_CONVERSION = YES;
				CLANG_WARN_INFINITE_RECURSION = YES;
				CLANG_WARN_INT_CONVERSION = YES;
				CLANG_WARN_NON_LITERAL_NULL_CONVERSION = YES;
				CLANG_WARN_OBJC_IMPLICIT_RETAIN_SELF = YES;
				CLANG_WARN_OBJC_LITERAL_CONVERSION = YES;
				CLANG_WARN_OBJC_ROOT_CLASS = YES_ERROR;
				CLANG_WARN_QUOTED_INCLUDE_IN_FRAMEWORK_HEADER = YES;
				CLANG_WARN_RANGE_LOOP_ANALYSIS = YES;
				CLANG_WARN_STRICT_PROTOTYPES = YES;
				CLANG_WARN_SUSPICIOUS_MOVE = YES;
				CLANG_WARN_UNGUARDED_AVAILABILITY = YES_AGGRESSIVE;
				CLANG_WARN_UNREACHABLE_CODE = YES;
				CLANG_WARN__DUPLICATE_METHOD_MATCH = YES;
				COPY_PHASE_STRIP = NO;
				CURRENT_PROJECT_VERSION = 1;
				DEBUG_INFORMATION_FORMAT = "dwarf-with-dsym";
				ENABLE_NS_ASSERTIONS = NO;
				ENABLE_STRICT_OBJC_MSGSEND = YES;
				GCC_C_LANGUAGE_STANDARD = gnu11;
				GCC_NO_COMMON_BLOCKS = YES;
				GCC_WARN_64_TO_32_BIT_CONVERSION = YES;
				GCC_WARN_ABOUT_RETURN_TYPE = YES_ERROR;
				GCC_WARN_UNDECLARED_SELECTOR = YES;
				GCC_WARN_UNINITIALIZED_AUTOS = YES_AGGRESSIVE;
				GCC_WARN_UNUSED_FUNCTION = YES;
				GCC_WARN_UNUSED_VARIABLE = YES;
				IPHONEOS_DEPLOYMENT_TARGET = 12.1;
				MTL_ENABLE_DEBUG_INFO = NO;
				MTL_FAST_MATH = YES;
				SDKROOT = iphoneos;
				SWIFT_COMPILATION_MODE = wholemodule;
				SWIFT_OPTIMIZATION_LEVEL = "-O";
				VALIDATE_PRODUCT = YES;
				VERSIONING_SYSTEM = "apple-generic";
				VERSION_INFO_PREFIX = "";
			};
			name = Release;
		};
		1E84533628B5908A0088B756 /* Debug */ = {
			isa = XCBuildConfiguration;
			baseConfigurationReference = 55942831CDE0C9BA18BCDEF9 /* Pods-SerescoMapsUtils.debug.xcconfig */;
			buildSettings = {
				CLANG_ENABLE_MODULES = YES;
				CODE_SIGN_STYLE = Automatic;
				CURRENT_PROJECT_VERSION = 1;
				DEFINES_MODULE = YES;
				DEVELOPMENT_TEAM = 7W6A4RKP6A;
				DYLIB_COMPATIBILITY_VERSION = 1;
				DYLIB_CURRENT_VERSION = 1;
				DYLIB_INSTALL_NAME_BASE = "@rpath";
				GENERATE_INFOPLIST_FILE = YES;
				INFOPLIST_KEY_NSHumanReadableCopyright = "";
				INSTALL_PATH = "$(LOCAL_LIBRARY_DIR)/Frameworks";
				IPHONEOS_DEPLOYMENT_TARGET = 12.1;
				LD_RUNPATH_SEARCH_PATHS = (
					"$(inherited)",
					"@executable_path/Frameworks",
					"@loader_path/Frameworks",
					"$(BUILT_PRODUCTS_DIR)/CodableGeoJSON",
					"$(BUILT_PRODUCTS_DIR)/CodableJSON",
					"$(BUILT_PRODUCTS_DIR)/Google-Maps-iOS-Utils",
				);
				MARKETING_VERSION = 1.0;
				PRODUCT_BUNDLE_IDENTIFIER = seresco.SerescoMapsUtils;
				PRODUCT_NAME = "$(TARGET_NAME:c99extidentifier)";
				SKIP_INSTALL = YES;
				SUPPORTS_MACCATALYST = NO;
				SWIFT_EMIT_LOC_STRINGS = YES;
				SWIFT_OPTIMIZATION_LEVEL = "-Onone";
				SWIFT_VERSION = 5.0;
				TARGETED_DEVICE_FAMILY = 1;
			};
			name = Debug;
		};
		1E84533728B5908A0088B756 /* Release */ = {
			isa = XCBuildConfiguration;
			baseConfigurationReference = 809F2BEA208225E1B3A30161 /* Pods-SerescoMapsUtils.release.xcconfig */;
			buildSettings = {
				CLANG_ENABLE_MODULES = YES;
				CODE_SIGN_STYLE = Automatic;
				CURRENT_PROJECT_VERSION = 1;
				DEFINES_MODULE = YES;
				DEVELOPMENT_TEAM = 7W6A4RKP6A;
				DYLIB_COMPATIBILITY_VERSION = 1;
				DYLIB_CURRENT_VERSION = 1;
				DYLIB_INSTALL_NAME_BASE = "@rpath";
				GENERATE_INFOPLIST_FILE = YES;
				INFOPLIST_KEY_NSHumanReadableCopyright = "";
				INSTALL_PATH = "$(LOCAL_LIBRARY_DIR)/Frameworks";
				IPHONEOS_DEPLOYMENT_TARGET = 12.1;
				LD_RUNPATH_SEARCH_PATHS = (
					"$(inherited)",
					"@executable_path/Frameworks",
					"@loader_path/Frameworks",
					"$(BUILT_PRODUCTS_DIR)/CodableGeoJSON",
					"$(BUILT_PRODUCTS_DIR)/CodableJSON",
					"$(BUILT_PRODUCTS_DIR)/Google-Maps-iOS-Utils",
				);
				MARKETING_VERSION = 1.0;
				PRODUCT_BUNDLE_IDENTIFIER = seresco.SerescoMapsUtils;
				PRODUCT_NAME = "$(TARGET_NAME:c99extidentifier)";
				SKIP_INSTALL = YES;
				SUPPORTS_MACCATALYST = NO;
				SWIFT_EMIT_LOC_STRINGS = YES;
				SWIFT_VERSION = 5.0;
				TARGETED_DEVICE_FAMILY = 1;
			};
			name = Release;
		};
/* End XCBuildConfiguration section */

/* Begin XCConfigurationList section */
		1E84532828B5908A0088B756 /* Build configuration list for PBXProject "SerescoMapsUtils" */ = {
			isa = XCConfigurationList;
			buildConfigurations = (
				1E84533328B5908A0088B756 /* Debug */,
				1E84533428B5908A0088B756 /* Release */,
			);
			defaultConfigurationIsVisible = 0;
			defaultConfigurationName = Release;
		};
		1E84533528B5908A0088B756 /* Build configuration list for PBXNativeTarget "SerescoMapsUtils" */ = {
			isa = XCConfigurationList;
			buildConfigurations = (
				1E84533628B5908A0088B756 /* Debug */,
				1E84533728B5908A0088B756 /* Release */,
			);
			defaultConfigurationIsVisible = 0;
			defaultConfigurationName = Release;
		};
/* End XCConfigurationList section */
	};
	rootObject = 1E84532528B5908A0088B756 /* Project object */;
}
